
Microsoft Visual Studio Solution File, Format Version 12.00
# Visual Studio Version 16
VisualStudioVersion = 16.0.32126.315
MinimumVisualStudioVersion = 10.0.40219.1
Project("{FAE04EC0-301F-11D3-BF4B-00C04F79EFBC}") = "GameWirelessControllerServer", "GameWirelessControllerServer\GameWirelessControllerServer.csproj", "{8E656B20-C571-4EE3-8F14-C244CA24F267}"
EndProject
Project("{9A19103F-16F7-4668-BE54-9A1E7A4F7556}") = "ConnectionServiceServer", "ConnectionServiceServer\ConnectionServiceServer.csproj", "{8A48760E-8A0E-4BA6-8701-6EFFD43877BB}"
EndProject
Project("{9A19103F-16F7-4668-BE54-9A1E7A4F7556}") = "GameControllerServiceClient", "GameControllerServiceClient\GameControllerServiceClient.csproj", "{A4197C57-10AD-4B77-A6BA-31204D634C3D}"
EndProject
Global
	GlobalSection(SolutionConfigurationPlatforms) = preSolution
		Debug|Any CPU = Debug|Any CPU
		Release|Any CPU = Release|Any CPU
	EndGlobalSection
	GlobalSection(ProjectConfigurationPlatforms) = postSolution
		{8E656B20-C571-4EE3-8F14-C244CA24F267}.Debug|Any CPU.ActiveCfg = Debug|Any CPU
		{8E656B20-C571-4EE3-8F14-C244CA24F267}.Debug|Any CPU.Build.0 = Debug|Any CPU
		{8E656B20-C571-4EE3-8F14-C244CA24F267}.Release|Any CPU.ActiveCfg = Release|Any CPU
		{8E656B20-C571-4EE3-8F14-C244CA24F267}.Release|Any CPU.Build.0 = Release|Any CPU
		{8A48760E-8A0E-4BA6-8701-6EFFD43877BB}.Debug|Any CPU.ActiveCfg = Debug|Any CPU
		{8A48760E-8A0E-4BA6-8701-6EFFD43877BB}.Debug|Any CPU.Build.0 = Debug|Any CPU
		{8A48760E-8A0E-4BA6-8701-6EFFD43877BB}.Release|Any CPU.ActiveCfg = Release|Any CPU
		{8A48760E-8A0E-4BA6-8701-6EFFD43877BB}.Release|Any CPU.Build.0 = Release|Any CPU
		{A4197C57-10AD-4B77-A6BA-31204D634C3D}.Debug|Any CPU.ActiveCfg = Debug|Any CPU
		{A4197C57-10AD-4B77-A6BA-31204D634C3D}.Debug|Any CPU.Build.0 = Debug|Any CPU
		{A4197C57-10AD-4B77-A6BA-31204D634C3D}.Release|Any CPU.ActiveCfg = Release|Any CPU
		{A4197C57-10AD-4B77-A6BA-31204D634C3D}.Release|Any CPU.Build.0 = Release|Any CPU
	EndGlobalSection
	GlobalSection(SolutionProperties) = preSolution
		HideSolutionNode = FALSE
	EndGlobalSection
	GlobalSection(ExtensibilityGlobals) = postSolution
		SolutionGuid = {9631A955-2E43-4B14-93D2-899317A9F781}
	EndGlobalSection
EndGlobal
